// !$*UTF8*$!
{
	archiveVersion = 1;
	classes = {
	};
	objectVersion = 77;
	objects = {

/* Begin PBXBuildFile section */
		1F67D2C72E313FA800E79CD9 /* WidgetKit.framework in Frameworks */ = {isa = PBXBuildFile; fileRef = 1F67D2C62E313FA700E79CD9 /* WidgetKit.framework */; };
		1F67D2C92E313FA800E79CD9 /* SwiftUI.framework in Frameworks */ = {isa = PBXBuildFile; fileRef = 1F67D2C82E313FA800E79CD9 /* SwiftUI.framework */; };
		1F67D2DA2E313FA900E79CD9 /* Live Altitude DisplayExtension.appex in Embed Foundation Extensions */ = {isa = PBXBuildFile; fileRef = 1F67D2C42E313FA700E79CD9 /* Live Altitude DisplayExtension.appex */; settings = {ATTRIBUTES = (RemoveHeadersOnCopy, ); }; };
/* End PBXBuildFile section */

/* Begin PBXContainerItemProxy section */
		1F67D2D82E313FA900E79CD9 /* PBXContainerItemProxy */ = {
			isa = PBXContainerItemProxy;
			containerPortal = 1F8A8B2F2E31245600171FCA /* Project object */;
			proxyType = 1;
			remoteGlobalIDString = 1F67D2C32E313FA700E79CD9;
			remoteInfo = "Live Altitude DisplayExtension";
		};
		1F8A8B472E31245700171FCA /* PBXContainerItemProxy */ = {
			isa = PBXContainerItemProxy;
			containerPortal = 1F8A8B2F2E31245600171FCA /* Project object */;
			proxyType = 1;
			remoteGlobalIDString = 1F8A8B362E31245600171FCA;
			remoteInfo = Altytude;
		};
		1F8A8B512E31245700171FCA /* PBXContainerItemProxy */ = {
			isa = PBXContainerItemProxy;
			containerPortal = 1F8A8B2F2E31245600171FCA /* Project object */;
			proxyType = 1;
			remoteGlobalIDString = 1F8A8B362E31245600171FCA;
			remoteInfo = Altytude;
		};
/* End PBXContainerItemProxy section */

/* Begin PBXCopyFilesBuildPhase section */
		1F67D2DF2E313FA900E79CD9 /* Embed Foundation Extensions */ = {
			isa = PBXCopyFilesBuildPhase;
			buildActionMask = 2147483647;
			dstPath = "";
			dstSubfolderSpec = 13;
			files = (
				1F67D2DA2E313FA900E79CD9 /* Live Altitude DisplayExtension.appex in Embed Foundation Extensions */,
			);
			name = "Embed Foundation Extensions";
			runOnlyForDeploymentPostprocessing = 0;
		};
/* End PBXCopyFilesBuildPhase section */

/* Begin PBXFileReference section */
		1F67D2C42E313FA700E79CD9 /* Live Altitude DisplayExtension.appex */ = {isa = PBXFileReference; explicitFileType = "wrapper.app-extension"; includeInIndex = 0; path = "Live Altitude DisplayExtension.appex"; sourceTree = BUILT_PRODUCTS_DIR; };
		1F67D2C62E313FA700E79CD9 /* WidgetKit.framework */ = {isa = PBXFileReference; lastKnownFileType = wrapper.framework; name = WidgetKit.framework; path = System/Library/Frameworks/WidgetKit.framework; sourceTree = SDKROOT; };
		1F67D2C82E313FA800E79CD9 /* SwiftUI.framework */ = {isa = PBXFileReference; lastKnownFileType = wrapper.framework; name = SwiftUI.framework; path = System/Library/Frameworks/SwiftUI.framework; sourceTree = SDKROOT; };
		1F8A8B372E31245600171FCA /* Altytude.app */ = {isa = PBXFileReference; explicitFileType = wrapper.application; includeInIndex = 0; path = Altytude.app; sourceTree = BUILT_PRODUCTS_DIR; };
		1F8A8B462E31245700171FCA /* AltytudeTests.xctest */ = {isa = PBXFileReference; explicitFileType = wrapper.cfbundle; includeInIndex = 0; path = AltytudeTests.xctest; sourceTree = BUILT_PRODUCTS_DIR; };
		1F8A8B502E31245700171FCA /* AltytudeUITests.xctest */ = {isa = PBXFileReference; explicitFileType = wrapper.cfbundle; includeInIndex = 0; path = AltytudeUITests.xctest; sourceTree = BUILT_PRODUCTS_DIR; };
/* End PBXFileReference section */

/* Begin PBXFileSystemSynchronizedBuildFileExceptionSet section */
		1F67D2DB2E313FA900E79CD9 /* Exceptions for "Live Altitude Display" folder in "Live Altitude DisplayExtension" target */ = {
			isa = PBXFileSystemSynchronizedBuildFileExceptionSet;
			membershipExceptions = (
				Info.plist,
			);
			target = 1F67D2C32E313FA700E79CD9 /* Live Altitude DisplayExtension */;
		};
		1F83F4FD2E314C7C006702A0 /* Exceptions for "Live Altitude Display" folder in "Altytude" target */ = {
			isa = PBXFileSystemSynchronizedBuildFileExceptionSet;
			membershipExceptions = (
				Live_Altitude_DisplayLiveActivity.swift,
			);
			target = 1F8A8B362E31245600171FCA /* Altytude */;
		};
		1F83F4FF2E3150F8006702A0 /* Exceptions for "Altytude" folder in "Altytude" target */ = {
			isa = PBXFileSystemSynchronizedBuildFileExceptionSet;
			membershipExceptions = (
				Info.plist,
			);
			target = 1F8A8B362E31245600171FCA /* Altytude */;
		};
/* End PBXFileSystemSynchronizedBuildFileExceptionSet section */

/* Begin PBXFileSystemSynchronizedRootGroup section */
		1F67D2CA2E313FA800E79CD9 /* Live Altitude Display */ = {
			isa = PBXFileSystemSynchronizedRootGroup;
			exceptions = (
				1F83F4FD2E314C7C006702A0 /* Exceptions for "Live Altitude Display" folder in "Altytude" target */,
				1F67D2DB2E313FA900E79CD9 /* Exceptions for "Live Altitude Display" folder in "Live Altitude DisplayExtension" target */,
			);
			path = "Live Altitude Display";
			sourceTree = "<group>";
		};
		1F8A8B392E31245600171FCA /* Altytude */ = {
			isa = PBXFileSystemSynchronizedRootGroup;
			exceptions = (
				1F83F4FF2E3150F8006702A0 /* Exceptions for "Altytude" folder in "Altytude" target */,
			);
			path = Altytude;
			sourceTree = "<group>";
		};
		1F8A8B492E31245700171FCA /* AltytudeTests */ = {
			isa = PBXFileSystemSynchronizedRootGroup;
			path = AltytudeTests;
			sourceTree = "<group>";
		};
		1F8A8B532E31245700171FCA /* AltytudeUITests */ = {
			isa = PBXFileSystemSynchronizedRootGroup;
			path = AltytudeUITests;
			sourceTree = "<group>";
		};
/* End PBXFileSystemSynchronizedRootGroup section */

/* Begin PBXFrameworksBuildPhase section */
		1F67D2C12E313FA700E79CD9 /* Frameworks */ = {
			isa = PBXFrameworksBuildPhase;
			buildActionMask = 2147483647;
			files = (
				1F67D2C92E313FA800E79CD9 /* SwiftUI.framework in Frameworks */,
				1F67D2C72E313FA800E79CD9 /* WidgetKit.framework in Frameworks */,
			);
			runOnlyForDeploymentPostprocessing = 0;
		};
		1F8A8B342E31245600171FCA /* Frameworks */ = {
			isa = PBXFrameworksBuildPhase;
			buildActionMask = 2147483647;
			files = (
			);
			runOnlyForDeploymentPostprocessing = 0;
		};
		1F8A8B432E31245700171FCA /* Frameworks */ = {
			isa = PBXFrameworksBuildPhase;
			buildActionMask = 2147483647;
			files = (
			);
			runOnlyForDeploymentPostprocessing = 0;
		};
		1F8A8B4D2E31245700171FCA /* Frameworks */ = {
			isa = PBXFrameworksBuildPhase;
			buildActionMask = 2147483647;
			files = (
			);
			runOnlyForDeploymentPostprocessing = 0;
		};
/* End PBXFrameworksBuildPhase section */

/* Begin PBXGroup section */
		1F67D2C52E313FA700E79CD9 /* Frameworks */ = {
			isa = PBXGroup;
			children = (
				1F67D2C62E313FA700E79CD9 /* WidgetKit.framework */,
				1F67D2C82E313FA800E79CD9 /* SwiftUI.framework */,
			);
			name = Frameworks;
			sourceTree = "<group>";
		};
		1F8A8B2E2E31245600171FCA = {
			isa = PBXGroup;
			children = (
				1F8A8B392E31245600171FCA /* Altytude */,
				1F8A8B492E31245700171FCA /* AltytudeTests */,
				1F8A8B532E31245700171FCA /* AltytudeUITests */,
				1F67D2CA2E313FA800E79CD9 /* Live Altitude Display */,
				1F67D2C52E313FA700E79CD9 /* Frameworks */,
				1F8A8B382E31245600171FCA /* Products */,
			);
			sourceTree = "<group>";
		};
		1F8A8B382E31245600171FCA /* Products */ = {
			isa = PBXGroup;
			children = (
				1F8A8B372E31245600171FCA /* Altytude.app */,
				1F8A8B462E31245700171FCA /* AltytudeTests.xctest */,
				1F8A8B502E31245700171FCA /* AltytudeUITests.xctest */,
				1F67D2C42E313FA700E79CD9 /* Live Altitude DisplayExtension.appex */,
			);
			name = Products;
			sourceTree = "<group>";
		};
/* End PBXGroup section */

/* Begin PBXNativeTarget section */
		1F67D2C32E313FA700E79CD9 /* Live Altitude DisplayExtension */ = {
			isa = PBXNativeTarget;
			buildConfigurationList = 1F67D2DC2E313FA900E79CD9 /* Build configuration list for PBXNativeTarget "Live Altitude DisplayExtension" */;
			buildPhases = (
				1F67D2C02E313FA700E79CD9 /* Sources */,
				1F67D2C12E313FA700E79CD9 /* Frameworks */,
				1F67D2C22E313FA700E79CD9 /* Resources */,
			);
			buildRules = (
			);
			dependencies = (
			);
			fileSystemSynchronizedGroups = (
				1F67D2CA2E313FA800E79CD9 /* Live Altitude Display */,
			);
			name = "Live Altitude DisplayExtension";
			packageProductDependencies = (
			);
			productName = "Live Altitude DisplayExtension";
			productReference = 1F67D2C42E313FA700E79CD9 /* Live Altitude DisplayExtension.appex */;
			productType = "com.apple.product-type.app-extension";
		};
		1F8A8B362E31245600171FCA /* Altytude */ = {
			isa = PBXNativeTarget;
			buildConfigurationList = 1F8A8B5A2E31245700171FCA /* Build configuration list for PBXNativeTarget "Altytude" */;
			buildPhases = (
				1F8A8B332E31245600171FCA /* Sources */,
				1F8A8B342E31245600171FCA /* Frameworks */,
				1F8A8B352E31245600171FCA /* Resources */,
				1F67D2DF2E313FA900E79CD9 /* Embed Foundation Extensions */,
			);
			buildRules = (
			);
			dependencies = (
				1F67D2D92E313FA900E79CD9 /* PBXTargetDependency */,
			);
			fileSystemSynchronizedGroups = (
				1F8A8B392E31245600171FCA /* Altytude */,
			);
			name = Altytude;
			packageProductDependencies = (
			);
			productName = Altytude;
			productReference = 1F8A8B372E31245600171FCA /* Altytude.app */;
			productType = "com.apple.product-type.application";
		};
		1F8A8B452E31245700171FCA /* AltytudeTests */ = {
			isa = PBXNativeTarget;
			buildConfigurationList = 1F8A8B5D2E31245700171FCA /* Build configuration list for PBXNativeTarget "AltytudeTests" */;
			buildPhases = (
				1F8A8B422E31245700171FCA /* Sources */,
				1F8A8B432E31245700171FCA /* Frameworks */,
				1F8A8B442E31245700171FCA /* Resources */,
			);
			buildRules = (
			);
			dependencies = (
				1F8A8B482E31245700171FCA /* PBXTargetDependency */,
			);
			fileSystemSynchronizedGroups = (
				1F8A8B492E31245700171FCA /* AltytudeTests */,
			);
			name = AltytudeTests;
			packageProductDependencies = (
			);
			productName = AltytudeTests;
			productReference = 1F8A8B462E31245700171FCA /* AltytudeTests.xctest */;
			productType = "com.apple.product-type.bundle.unit-test";
		};
		1F8A8B4F2E31245700171FCA /* AltytudeUITests */ = {
			isa = PBXNativeTarget;
			buildConfigurationList = 1F8A8B602E31245700171FCA /* Build configuration list for PBXNativeTarget "AltytudeUITests" */;
			buildPhases = (
				1F8A8B4C2E31245700171FCA /* Sources */,
				1F8A8B4D2E31245700171FCA /* Frameworks */,
				1F8A8B4E2E31245700171FCA /* Resources */,
			);
			buildRules = (
			);
			dependencies = (
				1F8A8B522E31245700171FCA /* PBXTargetDependency */,
			);
			fileSystemSynchronizedGroups = (
				1F8A8B532E31245700171FCA /* AltytudeUITests */,
			);
			name = AltytudeUITests;
			packageProductDependencies = (
			);
			productName = AltytudeUITests;
			productReference = 1F8A8B502E31245700171FCA /* AltytudeUITests.xctest */;
			productType = "com.apple.product-type.bundle.ui-testing";
		};
/* End PBXNativeTarget section */

/* Begin PBXProject section */
		1F8A8B2F2E31245600171FCA /* Project object */ = {
			isa = PBXProject;
			attributes = {
				BuildIndependentTargetsInParallel = 1;
				LastSwiftUpdateCheck = 2600;
				LastUpgradeCheck = 2600;
				TargetAttributes = {
					1F67D2C32E313FA700E79CD9 = {
						CreatedOnToolsVersion = 26.0;
					};
					1F8A8B362E31245600171FCA = {
						CreatedOnToolsVersion = 26.0;
					};
					1F8A8B452E31245700171FCA = {
						CreatedOnToolsVersion = 26.0;
						TestTargetID = 1F8A8B362E31245600171FCA;
					};
					1F8A8B4F2E31245700171FCA = {
						CreatedOnToolsVersion = 26.0;
						TestTargetID = 1F8A8B362E31245600171FCA;
					};
				};
			};
			buildConfigurationList = 1F8A8B322E31245600171FCA /* Build configuration list for PBXProject "Altytude" */;
			developmentRegion = en;
			hasScannedForEncodings = 0;
			knownRegions = (
				en,
				Base,
			);
			mainGroup = 1F8A8B2E2E31245600171FCA;
			minimizedProjectReferenceProxies = 1;
			preferredProjectObjectVersion = 77;
			productRefGroup = 1F8A8B382E31245600171FCA /* Products */;
			projectDirPath = "";
			projectRoot = "";
			targets = (
				1F8A8B362E31245600171FCA /* Altytude */,
				1F8A8B452E31245700171FCA /* AltytudeTests */,
				1F8A8B4F2E31245700171FCA /* AltytudeUITests */,
				1F67D2C32E313FA700E79CD9 /* Live Altitude DisplayExtension */,
			);
		};
/* End PBXProject section */

/* Begin PBXResourcesBuildPhase section */
		1F67D2C22E313FA700E79CD9 /* Resources */ = {
			isa = PBXResourcesBuildPhase;
			buildActionMask = 2147483647;
			files = (
			);
			runOnlyForDeploymentPostprocessing = 0;
		};
		1F8A8B352E31245600171FCA /* Resources */ = {
			isa = PBXResourcesBuildPhase;
			buildActionMask = 2147483647;
			files = (
			);
			runOnlyForDeploymentPostprocessing = 0;
		};
		1F8A8B442E31245700171FCA /* Resources */ = {
			isa = PBXResourcesBuildPhase;
			buildActionMask = 2147483647;
			files = (
			);
			runOnlyForDeploymentPostprocessing = 0;
		};
		1F8A8B4E2E31245700171FCA /* Resources */ = {
			isa = PBXResourcesBuildPhase;
			buildActionMask = 2147483647;
			files = (
			);
			runOnlyForDeploymentPostprocessing = 0;
		};
/* End PBXResourcesBuildPhase section */

/* Begin PBXSourcesBuildPhase section */
		1F67D2C02E313FA700E79CD9 /* Sources */ = {
			isa = PBXSourcesBuildPhase;
			buildActionMask = 2147483647;
			files = (
			);
			runOnlyForDeploymentPostprocessing = 0;
		};
		1F8A8B332E31245600171FCA /* Sources */ = {
			isa = PBXSourcesBuildPhase;
			buildActionMask = 2147483647;
			files = (
			);
			runOnlyForDeploymentPostprocessing = 0;
		};
		1F8A8B422E31245700171FCA /* Sources */ = {
			isa = PBXSourcesBuildPhase;
			buildActionMask = 2147483647;
			files = (
			);
			runOnlyForDeploymentPostprocessing = 0;
		};
		1F8A8B4C2E31245700171FCA /* Sources */ = {
			isa = PBXSourcesBuildPhase;
			buildActionMask = 2147483647;
			files = (
			);
			runOnlyForDeploymentPostprocessing = 0;
		};
/* End PBXSourcesBuildPhase section */

/* Begin PBXTargetDependency section */
		1F67D2D92E313FA900E79CD9 /* PBXTargetDependency */ = {
			isa = PBXTargetDependency;
			target = 1F67D2C32E313FA700E79CD9 /* Live Altitude DisplayExtension */;
			targetProxy = 1F67D2D82E313FA900E79CD9 /* PBXContainerItemProxy */;
		};
		1F8A8B482E31245700171FCA /* PBXTargetDependency */ = {
			isa = PBXTargetDependency;
			target = 1F8A8B362E31245600171FCA /* Altytude */;
			targetProxy = 1F8A8B472E31245700171FCA /* PBXContainerItemProxy */;
		};
		1F8A8B522E31245700171FCA /* PBXTargetDependency */ = {
			isa = PBXTargetDependency;
			target = 1F8A8B362E31245600171FCA /* Altytude */;
			targetProxy = 1F8A8B512E31245700171FCA /* PBXContainerItemProxy */;
		};
/* End PBXTargetDependency section */

/* Begin XCBuildConfiguration section */
		1F67D2DD2E313FA900E79CD9 /* Debug */ = {
			isa = XCBuildConfiguration;
			buildSettings = {
				ASSETCATALOG_COMPILER_GLOBAL_ACCENT_COLOR_NAME = AccentColor;
				ASSETCATALOG_COMPILER_WIDGET_BACKGROUND_COLOR_NAME = WidgetBackground;
				CODE_SIGN_STYLE = Automatic;
				CURRENT_PROJECT_VERSION = 1;
				DEVELOPMENT_TEAM = 933RBVDL8N;
				GENERATE_INFOPLIST_FILE = YES;
				INFOPLIST_FILE = "Live Altitude Display/Info.plist";
				INFOPLIST_KEY_CFBundleDisplayName = "Live Altitude Display";
				INFOPLIST_KEY_NSHumanReadableCopyright = "";
				LD_RUNPATH_SEARCH_PATHS = (
					"$(inherited)",
					"@executable_path/Frameworks",
					"@executable_path/../../Frameworks",
				);
				MARKETING_VERSION = 1.0;
				PRODUCT_BUNDLE_IDENTIFIER = "ChimplanZ.Altytude.Live-Altitude-Display";
				PRODUCT_NAME = "$(TARGET_NAME)";
				SKIP_INSTALL = YES;
				STRING_CATALOG_GENERATE_SYMBOLS = YES;
				SWIFT_EMIT_LOC_STRINGS = YES;
				SWIFT_UPCOMING_FEATURE_MEMBER_IMPORT_VISIBILITY = YES;
				SWIFT_VERSION = 5.0;
				TARGETED_DEVICE_FAMILY = "1,2";
			};
			name = Debug;
		};
		1F67D2DE2E313FA900E79CD9 /* Release */ = {
			isa = XCBuildConfiguration;
			buildSettings = {
				ASSETCATALOG_COMPILER_GLOBAL_ACCENT_COLOR_NAME = AccentColor;
				ASSETCATALOG_COMPILER_WIDGET_BACKGROUND_COLOR_NAME = WidgetBackground;
				CODE_SIGN_STYLE = Automatic;
				CURRENT_PROJECT_VERSION = 1;
				DEVELOPMENT_TEAM = 933RBVDL8N;
				GENERATE_INFOPLIST_FILE = YES;
				INFOPLIST_FILE = "Live Altitude Display/Info.plist";
				INFOPLIST_KEY_CFBundleDisplayName = "Live Altitude Display";
				INFOPLIST_KEY_NSHumanReadableCopyright = "";
				LD_RUNPATH_SEARCH_PATHS = (
					"$(inherited)",
					"@executable_path/Frameworks",
					"@executable_path/../../Frameworks",
				);
				MARKETING_VERSION = 1.0;
				PRODUCT_BUNDLE_IDENTIFIER = "ChimplanZ.Altytude.Live-Altitude-Display";
				PRODUCT_NAME = "$(TARGET_NAME)";
				SKIP_INSTALL = YES;
				STRING_CATALOG_GENERATE_SYMBOLS = YES;
				SWIFT_EMIT_LOC_STRINGS = YES;
				SWIFT_UPCOMING_FEATURE_MEMBER_IMPORT_VISIBILITY = YES;
				SWIFT_VERSION = 5.0;
				TARGETED_DEVICE_FAMILY = "1,2";
			};
			name = Release;
		};
		1F8A8B582E31245700171FCA /* Debug */ = {
			isa = XCBuildConfiguration;
			buildSettings = {
				ALWAYS_SEARCH_USER_PATHS = NO;
				ASSETCATALOG_COMPILER_GENERATE_SWIFT_ASSET_SYMBOL_EXTENSIONS = YES;
				CLANG_ANALYZER_NONNULL = YES;
				CLANG_ANALYZER_NUMBER_OBJECT_CONVERSION = YES_AGGRESSIVE;
				CLANG_CXX_LANGUAGE_STANDARD = "gnu++20";
				CLANG_ENABLE_MODULES = YES;
				CLANG_ENABLE_OBJC_ARC = YES;
				CLANG_ENABLE_OBJC_WEAK = YES;
				CLANG_WARN_BLOCK_CAPTURE_AUTORELEASING = YES;
				CLANG_WARN_BOOL_CONVERSION = YES;
				CLANG_WARN_COMMA = YES;
				CLANG_WARN_CONSTANT_CONVERSION = YES;
				CLANG_WARN_DEPRECATED_OBJC_IMPLEMENTATIONS = YES;
				CLANG_WARN_DIRECT_OBJC_ISA_USAGE = YES_ERROR;
				CLANG_WARN_DOCUMENTATION_COMMENTS = YES;
				CLANG_WARN_EMPTY_BODY = YES;
				CLANG_WARN_ENUM_CONVERSION = YES;
				CLANG_WARN_INFINITE_RECURSION = YES;
				CLANG_WARN_INT_CONVERSION = YES;
				CLANG_WARN_NON_LITERAL_NULL_CONVERSION = YES;
				CLANG_WARN_OBJC_IMPLICIT_RETAIN_SELF = YES;
				CLANG_WARN_OBJC_LITERAL_CONVERSION = YES;
				CLANG_WARN_OBJC_ROOT_CLASS = YES_ERROR;
				CLANG_WARN_QUOTED_INCLUDE_IN_FRAMEWORK_HEADER = YES;
				CLANG_WARN_RANGE_LOOP_ANALYSIS = YES;
				CLANG_WARN_STRICT_PROTOTYPES = YES;
				CLANG_WARN_SUSPICIOUS_MOVE = YES;
				CLANG_WARN_UNGUARDED_AVAILABILITY = YES_AGGRESSIVE;
				CLANG_WARN_UNREACHABLE_CODE = YES;
				CLANG_WARN__DUPLICATE_METHOD_MATCH = YES;
				COPY_PHASE_STRIP = NO;
				DEBUG_INFORMATION_FORMAT = dwarf;
				DEVELOPMENT_TEAM = 933RBVDL8N;
				ENABLE_STRICT_OBJC_MSGSEND = YES;
				ENABLE_TESTABILITY = YES;
				ENABLE_USER_SCRIPT_SANDBOXING = YES;
				GCC_C_LANGUAGE_STANDARD = gnu17;
				GCC_DYNAMIC_NO_PIC = NO;
				GCC_NO_COMMON_BLOCKS = YES;
				GCC_OPTIMIZATION_LEVEL = 0;
				GCC_PREPROCESSOR_DEFINITIONS = (
					"DEBUG=1",
					"$(inherited)",
				);
				GCC_WARN_64_TO_32_BIT_CONVERSION = YES;
				GCC_WARN_ABOUT_RETURN_TYPE = YES_ERROR;
				GCC_WARN_UNDECLARED_SELECTOR = YES;
				GCC_WARN_UNINITIALIZED_AUTOS = YES_AGGRESSIVE;
				GCC_WARN_UNUSED_FUNCTION = YES;
				GCC_WARN_UNUSED_VARIABLE = YES;
				IPHONEOS_DEPLOYMENT_TARGET = 26.0;
				LOCALIZATION_PREFERS_STRING_CATALOGS = YES;
				MTL_ENABLE_DEBUG_INFO = INCLUDE_SOURCE;
				MTL_FAST_MATH = YES;
				ONLY_ACTIVE_ARCH = YES;
				SDKROOT = iphoneos;
				SWIFT_ACTIVE_COMPILATION_CONDITIONS = "DEBUG $(inherited)";
				SWIFT_OPTIMIZATION_LEVEL = "-Onone";
			};
			name = Debug;
		};
		1F8A8B592E31245700171FCA /* Release */ = {
			isa = XCBuildConfiguration;
			buildSettings = {
				ALWAYS_SEARCH_USER_PATHS = NO;
				ASSETCATALOG_COMPILER_GENERATE_SWIFT_ASSET_SYMBOL_EXTENSIONS = YES;
				CLANG_ANALYZER_NONNULL = YES;
				CLANG_ANALYZER_NUMBER_OBJECT_CONVERSION = YES_AGGRESSIVE;
				CLANG_CXX_LANGUAGE_STANDARD = "gnu++20";
				CLANG_ENABLE_MODULES = YES;
				CLANG_ENABLE_OBJC_ARC = YES;
				CLANG_ENABLE_OBJC_WEAK = YES;
				CLANG_WARN_BLOCK_CAPTURE_AUTORELEASING = YES;
				CLANG_WARN_BOOL_CONVERSION = YES;
				CLANG_WARN_COMMA = YES;
				CLANG_WARN_CONSTANT_CONVERSION = YES;
				CLANG_WARN_DEPRECATED_OBJC_IMPLEMENTATIONS = YES;
				CLANG_WARN_DIRECT_OBJC_ISA_USAGE = YES_ERROR;
				CLANG_WARN_DOCUMENTATION_COMMENTS = YES;
				CLANG_WARN_EMPTY_BODY = YES;
				CLANG_WARN_ENUM_CONVERSION = YES;
				CLANG_WARN_INFINITE_RECURSION = YES;
				CLANG_WARN_INT_CONVERSION = YES;
				CLANG_WARN_NON_LITERAL_NULL_CONVERSION = YES;
				CLANG_WARN_OBJC_IMPLICIT_RETAIN_SELF = YES;
				CLANG_WARN_OBJC_LITERAL_CONVERSION = YES;
				CLANG_WARN_OBJC_ROOT_CLASS = YES_ERROR;
				CLANG_WARN_QUOTED_INCLUDE_IN_FRAMEWORK_HEADER = YES;
				CLANG_WARN_RANGE_LOOP_ANALYSIS = YES;
				CLANG_WARN_STRICT_PROTOTYPES = YES;
				CLANG_WARN_SUSPICIOUS_MOVE = YES;
				CLANG_WARN_UNGUARDED_AVAILABILITY = YES_AGGRESSIVE;
				CLANG_WARN_UNREACHABLE_CODE = YES;
				CLANG_WARN__DUPLICATE_METHOD_MATCH = YES;
				COPY_PHASE_STRIP = NO;
				DEBUG_INFORMATION_FORMAT = "dwarf-with-dsym";
				DEVELOPMENT_TEAM = 933RBVDL8N;
				ENABLE_NS_ASSERTIONS = NO;
				ENABLE_STRICT_OBJC_MSGSEND = YES;
				ENABLE_USER_SCRIPT_SANDBOXING = YES;
				GCC_C_LANGUAGE_STANDARD = gnu17;
				GCC_NO_COMMON_BLOCKS = YES;
				GCC_WARN_64_TO_32_BIT_CONVERSION = YES;
				GCC_WARN_ABOUT_RETURN_TYPE = YES_ERROR;
				GCC_WARN_UNDECLARED_SELECTOR = YES;
				GCC_WARN_UNINITIALIZED_AUTOS = YES_AGGRESSIVE;
				GCC_WARN_UNUSED_FUNCTION = YES;
				GCC_WARN_UNUSED_VARIABLE = YES;
				IPHONEOS_DEPLOYMENT_TARGET = 26.0;
				LOCALIZATION_PREFERS_STRING_CATALOGS = YES;
				MTL_ENABLE_DEBUG_INFO = NO;
				MTL_FAST_MATH = YES;
				SDKROOT = iphoneos;
				SWIFT_COMPILATION_MODE = wholemodule;
				VALIDATE_PRODUCT = YES;
			};
			name = Release;
		};
		1F8A8B5B2E31245700171FCA /* Debug */ = {
			isa = XCBuildConfiguration;
			buildSettings = {
				ASSETCATALOG_COMPILER_APPICON_NAME = AppIcon;
				ASSETCATALOG_COMPILER_GLOBAL_ACCENT_COLOR_NAME = AccentColor;
				CODE_SIGN_STYLE = Automatic;
				CURRENT_PROJECT_VERSION = 1;
				DEVELOPMENT_TEAM = 933RBVDL8N;
				ENABLE_PREVIEWS = YES;
				GENERATE_INFOPLIST_FILE = YES;
				INFOPLIST_FILE = Altytude/Info.plist;
				INFOPLIST_KEY_LSApplicationCategoryType = "";
				INFOPLIST_KEY_NSLocationWhenInUseUsageDescription = "We need your permission to execute the only function of this app, which is finding your altitude!";
				INFOPLIST_KEY_UIApplicationSceneManifest_Generation = YES;
				INFOPLIST_KEY_UIApplicationSupportsIndirectInputEvents = YES;
				INFOPLIST_KEY_UILaunchScreen_Generation = YES;
				INFOPLIST_KEY_UISupportedInterfaceOrientations_iPad = "UIInterfaceOrientationPortrait UIInterfaceOrientationPortraitUpsideDown UIInterfaceOrientationLandscapeLeft UIInterfaceOrientationLandscapeRight";
				INFOPLIST_KEY_UISupportedInterfaceOrientations_iPhone = "UIInterfaceOrientationPortrait UIInterfaceOrientationLandscapeLeft UIInterfaceOrientationLandscapeRight";
				LD_RUNPATH_SEARCH_PATHS = (
					"$(inherited)",
					"@executable_path/Frameworks",
				);
				MARKETING_VERSION = 1.0;
				PRODUCT_BUNDLE_IDENTIFIER = ChimplanZ.Altytude;
				PRODUCT_NAME = "$(TARGET_NAME)";
				STRING_CATALOG_GENERATE_SYMBOLS = YES;
				SWIFT_DEFAULT_ACTOR_ISOLATION = MainActor;
				SWIFT_EMIT_LOC_STRINGS = YES;
				SWIFT_UPCOMING_FEATURE_MEMBER_IMPORT_VISIBILITY = YES;
				SWIFT_VERSION = 5.0;
				TARGETED_DEVICE_FAMILY = "1,2";
			};
			name = Debug;
		};
		1F8A8B5C2E31245700171FCA /* Release */ = {
			isa = XCBuildConfiguration;
			buildSettings = {
				ASSETCATALOG_COMPILER_APPICON_NAME = AppIcon;
				ASSETCATALOG_COMPILER_GLOBAL_ACCENT_COLOR_NAME = AccentColor;
				CODE_SIGN_STYLE = Automatic;
				CURRENT_PROJECT_VERSION = 1;
				DEVELOPMENT_TEAM = 933RBVDL8N;
				ENABLE_PREVIEWS = YES;
				GENERATE_INFOPLIST_FILE = YES;
				INFOPLIST_FILE = Altytude/Info.plist;
				INFOPLIST_KEY_LSApplicationCategoryType = "";
				INFOPLIST_KEY_NSLocationWhenInUseUsageDescription = "We need your permission to execute the only function of this app, which is finding your altitude!";
				INFOPLIST_KEY_UIApplicationSceneManifest_Generation = YES;
				INFOPLIST_KEY_UIApplicationSupportsIndirectInputEvents = YES;
				INFOPLIST_KEY_UILaunchScreen_Generation = YES;
				INFOPLIST_KEY_UISupportedInterfaceOrientations_iPad = "UIInterfaceOrientationPortrait UIInterfaceOrientationPortraitUpsideDown UIInterfaceOrientationLandscapeLeft UIInterfaceOrientationLandscapeRight";
				INFOPLIST_KEY_UISupportedInterfaceOrientations_iPhone = "UIInterfaceOrientationPortrait UIInterfaceOrientationLandscapeLeft UIInterfaceOrientationLandscapeRight";
				LD_RUNPATH_SEARCH_PATHS = (
					"$(inherited)",
					"@executable_path/Frameworks",
				);
				MARKETING_VERSION = 1.0;
				PRODUCT_BUNDLE_IDENTIFIER = ChimplanZ.Altytude;
				PRODUCT_NAME = "$(TARGET_NAME)";
				STRING_CATALOG_GENERATE_SYMBOLS = YES;
				SWIFT_DEFAULT_ACTOR_ISOLATION = MainActor;
				SWIFT_EMIT_LOC_STRINGS = YES;
				SWIFT_UPCOMING_FEATURE_MEMBER_IMPORT_VISIBILITY = YES;
				SWIFT_VERSION = 5.0;
				TARGETED_DEVICE_FAMILY = "1,2";
			};
			name = Release;
		};
		1F8A8B5E2E31245700171FCA /* Debug */ = {
			isa = XCBuildConfiguration;
			buildSettings = {
				BUNDLE_LOADER = "$(TEST_HOST)";
				CODE_SIGN_STYLE = Automatic;
				CURRENT_PROJECT_VERSION = 1;
				DEVELOPMENT_TEAM = 933RBVDL8N;
				GENERATE_INFOPLIST_FILE = YES;
				IPHONEOS_DEPLOYMENT_TARGET = 26.0;
				MARKETING_VERSION = 1.0;
				PRODUCT_BUNDLE_IDENTIFIER = ChimplanZ.AltytudeTests;
				PRODUCT_NAME = "$(TARGET_NAME)";
				STRING_CATALOG_GENERATE_SYMBOLS = NO;
				SWIFT_EMIT_LOC_STRINGS = NO;
				SWIFT_UPCOMING_FEATURE_MEMBER_IMPORT_VISIBILITY = YES;
				SWIFT_VERSION = 5.0;
				TARGETED_DEVICE_FAMILY = "1,2";
				TEST_HOST = "$(BUILT_PRODUCTS_DIR)/Altytude.app/$(BUNDLE_EXECUTABLE_FOLDER_PATH)/Altytude";
			};
			name = Debug;
		};
		1F8A8B5F2E31245700171FCA /* Release */ = {
			isa = XCBuildConfiguration;
			buildSettings = {
				BUNDLE_LOADER = "$(TEST_HOST)";
				CODE_SIGN_STYLE = Automatic;
				CURRENT_PROJECT_VERSION = 1;
				DEVELOPMENT_TEAM = 933RBVDL8N;
				GENERATE_INFOPLIST_FILE = YES;
				IPHONEOS_DEPLOYMENT_TARGET = 26.0;
				MARKETING_VERSION = 1.0;
				PRODUCT_BUNDLE_IDENTIFIER = ChimplanZ.AltytudeTests;
				PRODUCT_NAME = "$(TARGET_NAME)";
				STRING_CATALOG_GENERATE_SYMBOLS = NO;
				SWIFT_EMIT_LOC_STRINGS = NO;
				SWIFT_UPCOMING_FEATURE_MEMBER_IMPORT_VISIBILITY = YES;
				SWIFT_VERSION = 5.0;
				TARGETED_DEVICE_FAMILY = "1,2";
				TEST_HOST = "$(BUILT_PRODUCTS_DIR)/Altytude.app/$(BUNDLE_EXECUTABLE_FOLDER_PATH)/Altytude";
			};
			name = Release;
		};
		1F8A8B612E31245700171FCA /* Debug */ = {
			isa = XCBuildConfiguration;
			buildSettings = {
				CODE_SIGN_STYLE = Automatic;
				CURRENT_PROJECT_VERSION = 1;
				DEVELOPMENT_TEAM = 933RBVDL8N;
				GENERATE_INFOPLIST_FILE = YES;
				MARKETING_VERSION = 1.0;
				PRODUCT_BUNDLE_IDENTIFIER = ChimplanZ.AltytudeUITests;
				PRODUCT_NAME = "$(TARGET_NAME)";
				STRING_CATALOG_GENERATE_SYMBOLS = NO;
				SWIFT_EMIT_LOC_STRINGS = NO;
				SWIFT_UPCOMING_FEATURE_MEMBER_IMPORT_VISIBILITY = YES;
				SWIFT_VERSION = 5.0;
				TARGETED_DEVICE_FAMILY = "1,2";
				TEST_TARGET_NAME = Altytude;
			};
			name = Debug;
		};
		1F8A8B622E31245700171FCA /* Release */ = {
			isa = XCBuildConfiguration;
			buildSettings = {
				CODE_SIGN_STYLE = Automatic;
				CURRENT_PROJECT_VERSION = 1;
				DEVELOPMENT_TEAM = 933RBVDL8N;
				GENERATE_INFOPLIST_FILE = YES;
				MARKETING_VERSION = 1.0;
				PRODUCT_BUNDLE_IDENTIFIER = ChimplanZ.AltytudeUITests;
				PRODUCT_NAME = "$(TARGET_NAME)";
				STRING_CATALOG_GENERATE_SYMBOLS = NO;
				SWIFT_EMIT_LOC_STRINGS = NO;
				SWIFT_UPCOMING_FEATURE_MEMBER_IMPORT_VISIBILITY = YES;
				SWIFT_VERSION = 5.0;
				TARGETED_DEVICE_FAMILY = "1,2";
				TEST_TARGET_NAME = Altytude;
			};
			name = Release;
		};
/* End XCBuildConfiguration section */

/* Begin XCConfigurationList section */
		1F67D2DC2E313FA900E79CD9 /* Build configuration list for PBXNativeTarget "Live Altitude DisplayExtension" */ = {
			isa = XCConfigurationList;
			buildConfigurations = (
				1F67D2DD2E313FA900E79CD9 /* Debug */,
				1F67D2DE2E313FA900E79CD9 /* Release */,
			);
			defaultConfigurationIsVisible = 0;
			defaultConfigurationName = Release;
		};
		1F8A8B322E31245600171FCA /* Build configuration list for PBXProject "Altytude" */ = {
			isa = XCConfigurationList;
			buildConfigurations = (
				1F8A8B582E31245700171FCA /* Debug */,
				1F8A8B592E31245700171FCA /* Release */,
			);
			defaultConfigurationIsVisible = 0;
			defaultConfigurationName = Release;
		};
		1F8A8B5A2E31245700171FCA /* Build configuration list for PBXNativeTarget "Altytude" */ = {
			isa = XCConfigurationList;
			buildConfigurations = (
				1F8A8B5B2E31245700171FCA /* Debug */,
				1F8A8B5C2E31245700171FCA /* Release */,
			);
			defaultConfigurationIsVisible = 0;
			defaultConfigurationName = Release;
		};
		1F8A8B5D2E31245700171FCA /* Build configuration list for PBXNativeTarget "AltytudeTests" */ = {
			isa = XCConfigurationList;
			buildConfigurations = (
				1F8A8B5E2E31245700171FCA /* Debug */,
				1F8A8B5F2E31245700171FCA /* Release */,
			);
			defaultConfigurationIsVisible = 0;
			defaultConfigurationName = Release;
		};
		1F8A8B602E31245700171FCA /* Build configuration list for PBXNativeTarget "AltytudeUITests" */ = {
			isa = XCConfigurationList;
			buildConfigurations = (
				1F8A8B612E31245700171FCA /* Debug */,
				1F8A8B622E31245700171FCA /* Release */,
			);
			defaultConfigurationIsVisible = 0;
			defaultConfigurationName = Release;
		};
/* End XCConfigurationList section */
	};
	rootObject = 1F8A8B2F2E31245600171FCA /* Project object */;
}
